# THIS IS AN AUTOGENERATED FILE. DO NOT EDIT THIS FILE DIRECTLY.
# yarn lockfile v1


"@react-native-google-signin/google-signin@^7.0.1":
  version "7.0.1"
  resolved "https://registry.yarnpkg.com/@react-native-google-signin/google-signin/-/google-signin-7.0.1.tgz#a03f1a3e43ddb1bb092679bfdd6e38ff6ed819a1"
  integrity sha512-iG1OkFx1ohSupofWnlbV+Re74L2HF823SOL1KNl1gGDiVxzNKJTZm/wuaPuujzci4kr8GuwR9PRgxLShiAZwlg==
